// !$*UTF8*$!
{
	archiveVersion = 1;
	classes = {
	};
	objectVersion = 46;
	objects = {

/* Begin PBXBuildFile section */
		8493395F1ED6C07200E76119 /* RCTBaseSignatureView.m in Sources */ = {isa = PBXBuildFile; fileRef = 8493395C1ED6C07200E76119 /* RCTBaseSignatureView.m */; };
		849339601ED6C07200E76119 /* RCTSignatureView.m in Sources */ = {isa = PBXBuildFile; fileRef = 8493395E1ED6C07200E76119 /* RCTSignatureView.m */; };
		849339631ED6C07A00E76119 /* RCTSignatureViewManager.m in Sources */ = {isa = PBXBuildFile; fileRef = 849339621ED6C07A00E76119 /* RCTSignatureViewManager.m */; };
/* End PBXBuildFile section */

/* Begin PBXCopyFilesBuildPhase section */
		846518571ED3DBEF00D75695 /* CopyFiles */ = {
			isa = PBXCopyFilesBuildPhase;
			buildActionMask = 2147483647;
			dstPath = "include/$(PRODUCT_NAME)";
			dstSubfolderSpec = 16;
			files = (
			);
			runOnlyForDeploymentPostprocessing = 0;
		};
/* End PBXCopyFilesBuildPhase section */

/* Begin PBXFileReference section */
		846518591ED3DBEF00D75695 /* libRCTSignatureView.a */ = {isa = PBXFileReference; explicitFileType = archive.ar; includeInIndex = 0; path = libRCTSignatureView.a; sourceTree = BUILT_PRODUCTS_DIR; };
		8493395B1ED6C07200E76119 /* RCTBaseSignatureView.h */ = {isa = PBXFileReference; fileEncoding = 4; lastKnownFileType = sourcecode.c.h; path = RCTBaseSignatureView.h; sourceTree = "<group>"; };
		8493395C1ED6C07200E76119 /* RCTBaseSignatureView.m */ = {isa = PBXFileReference; fileEncoding = 4; lastKnownFileType = sourcecode.c.objc; path = RCTBaseSignatureView.m; sourceTree = "<group>"; };
		8493395D1ED6C07200E76119 /* RCTSignatureView.h */ = {isa = PBXFileReference; fileEncoding = 4; lastKnownFileType = sourcecode.c.h; path = RCTSignatureView.h; sourceTree = "<group>"; };
		8493395E1ED6C07200E76119 /* RCTSignatureView.m */ = {isa = PBXFileReference; fileEncoding = 4; lastKnownFileType = sourcecode.c.objc; path = RCTSignatureView.m; sourceTree = "<group>"; };
		849339611ED6C07A00E76119 /* RCTSignatureViewManager.h */ = {isa = PBXFileReference; fileEncoding = 4; lastKnownFileType = sourcecode.c.h; path = RCTSignatureViewManager.h; sourceTree = "<group>"; };
		849339621ED6C07A00E76119 /* RCTSignatureViewManager.m */ = {isa = PBXFileReference; fileEncoding = 4; lastKnownFileType = sourcecode.c.objc; path = RCTSignatureViewManager.m; sourceTree = "<group>"; };
/* End PBXFileReference section */

/* Begin PBXFrameworksBuildPhase section */
		846518561ED3DBEF00D75695 /* Frameworks */ = {
			isa = PBXFrameworksBuildPhase;
			buildActionMask = 2147483647;
			files = (
			);
			runOnlyForDeploymentPostprocessing = 0;
		};
/* End PBXFrameworksBuildPhase section */

/* Begin PBXGroup section */
		846518501ED3DBEF00D75695 = {
			isa = PBXGroup;
			children = (
				849339651ED6C1CC00E76119 /* RCTSignatureView */,
				8465185A1ED3DBEF00D75695 /* Products */,
			);
			sourceTree = "<group>";
		};
		8465185A1ED3DBEF00D75695 /* Products */ = {
			isa = PBXGroup;
			children = (
				846518591ED3DBEF00D75695 /* libRCTSignatureView.a */,
			);
			name = Products;
			sourceTree = "<group>";
		};
		849339651ED6C1CC00E76119 /* RCTSignatureView */ = {
			isa = PBXGroup;
			children = (
				849339611ED6C07A00E76119 /* RCTSignatureViewManager.h */,
				849339621ED6C07A00E76119 /* RCTSignatureViewManager.m */,
				8493395B1ED6C07200E76119 /* RCTBaseSignatureView.h */,
				8493395C1ED6C07200E76119 /* RCTBaseSignatureView.m */,
				8493395D1ED6C07200E76119 /* RCTSignatureView.h */,
				8493395E1ED6C07200E76119 /* RCTSignatureView.m */,
			);
			name = RCTSignatureView;
			sourceTree = "<group>";
		};
/* End PBXGroup section */

/* Begin PBXNativeTarget section */
		846518581ED3DBEF00D75695 /* RCTSignatureView */ = {
			isa = PBXNativeTarget;
			buildConfigurationList = 846518621ED3DBEF00D75695 /* Build configuration list for PBXNativeTarget "RCTSignatureView" */;
			buildPhases = (
				846518551ED3DBEF00D75695 /* Sources */,
				846518561ED3DBEF00D75695 /* Frameworks */,
				846518571ED3DBEF00D75695 /* CopyFiles */,
			);
			buildRules = (
			);
			dependencies = (
			);
			name = RCTSignatureView;
			productName = RCTSignatureView;
			productReference = 846518591ED3DBEF00D75695 /* libRCTSignatureView.a */;
			productType = "com.apple.product-type.library.static";
		};
/* End PBXNativeTarget section */

/* Begin PBXProject section */
		846518511ED3DBEF00D75695 /* Project object */ = {
			isa = PBXProject;
			attributes = {
				LastUpgradeCheck = 0830;
				ORGANIZATIONNAME = m;
				TargetAttributes = {
					846518581ED3DBEF00D75695 = {
						CreatedOnToolsVersion = 8.3;
						DevelopmentTeam = U94Z3XK94T;
						ProvisioningStyle = Automatic;
					};
				};
			};
			buildConfigurationList = 846518541ED3DBEF00D75695 /* Build configuration list for PBXProject "RCTSignatureView" */;
			compatibilityVersion = "Xcode 3.2";
			developmentRegion = English;
			hasScannedForEncodings = 0;
			knownRegions = (
				en,
			);
			mainGroup = 846518501ED3DBEF00D75695;
			productRefGroup = 8465185A1ED3DBEF00D75695 /* Products */;
			projectDirPath = "";
			projectRoot = "";
			targets = (
				846518581ED3DBEF00D75695 /* RCTSignatureView */,
			);
		};
/* End PBXProject section */

/* Begin PBXSourcesBuildPhase section */
		846518551ED3DBEF00D75695 /* Sources */ = {
			isa = PBXSourcesBuildPhase;
			buildActionMask = 2147483647;
			files = (
				8493395F1ED6C07200E76119 /* RCTBaseSignatureView.m in Sources */,
				849339601ED6C07200E76119 /* RCTSignatureView.m in Sources */,
				849339631ED6C07A00E76119 /* RCTSignatureViewManager.m in Sources */,
			);
			runOnlyForDeploymentPostprocessing = 0;
		};
/* End PBXSourcesBuildPhase section */

/* Begin XCBuildConfiguration section */
		846518601ED3DBEF00D75695 /* Debug */ = {
			isa = XCBuildConfiguration;
			buildSettings = {
				ALWAYS_SEARCH_USER_PATHS = NO;
				CLANG_ANALYZER_NONNULL = YES;
				CLANG_ANALYZER_NUMBER_OBJECT_CONVERSION = YES_AGGRESSIVE;
				CLANG_CXX_LANGUAGE_STANDARD = "gnu++0x";
				CLANG_CXX_LIBRARY = "libc++";
				CLANG_ENABLE_MODULES = YES;
				CLANG_ENABLE_OBJC_ARC = YES;
				CLANG_WARN_BOOL_CONVERSION = YES;
				CLANG_WARN_CONSTANT_CONVERSION = YES;
				CLANG_WARN_DIRECT_OBJC_ISA_USAGE = YES_ERROR;
				CLANG_WARN_DOCUMENTATION_COMMENTS = YES;
				CLANG_WARN_EMPTY_BODY = YES;
				CLANG_WARN_ENUM_CONVERSION = YES;
				CLANG_WARN_INFINITE_RECURSION = YES;
				CLANG_WARN_INT_CONVERSION = YES;
				CLANG_WARN_OBJC_ROOT_CLASS = YES_ERROR;
				CLANG_WARN_SUSPICIOUS_MOVE = YES;
				CLANG_WARN_UNREACHABLE_CODE = YES;
				CLANG_WARN__DUPLICATE_METHOD_MATCH = YES;
				"CODE_SIGN_IDENTITY[sdk=iphoneos*]" = "iPhone Developer";
				COPY_PHASE_STRIP = NO;
				DEBUG_INFORMATION_FORMAT = dwarf;
				ENABLE_STRICT_OBJC_MSGSEND = YES;
				ENABLE_TESTABILITY = YES;
				GCC_C_LANGUAGE_STANDARD = gnu99;
				GCC_DYNAMIC_NO_PIC = NO;
				GCC_NO_COMMON_BLOCKS = YES;
				GCC_OPTIMIZATION_LEVEL = 0;
				GCC_PREPROCESSOR_DEFINITIONS = (
					"DEBUG=1",
					"$(inherited)",
				);
				GCC_WARN_64_TO_32_BIT_CONVERSION = YES;
				GCC_WARN_ABOUT_RETURN_TYPE = YES_ERROR;
				GCC_WARN_UNDECLARED_SELECTOR = YES;
				GCC_WARN_UNINITIALIZED_AUTOS = YES_AGGRESSIVE;
				GCC_WARN_UNUSED_FUNCTION = YES;
				GCC_WARN_UNUSED_VARIABLE = YES;
				IPHONEOS_DEPLOYMENT_TARGET = 10.3;
				MTL_ENABLE_DEBUG_INFO = YES;
				ONLY_ACTIVE_ARCH = YES;
				SDKROOT = iphoneos;
			};
			name = Debug;
		};
		846518611ED3DBEF00D75695 /* Release */ = {
			isa = XCBuildConfiguration;
			buildSettings = {
				ALWAYS_SEARCH_USER_PATHS = NO;
				CLANG_ANALYZER_NONNULL = YES;
				CLANG_ANALYZER_NUMBER_OBJECT_CONVERSION = YES_AGGRESSIVE;
				CLANG_CXX_LANGUAGE_STANDARD = "gnu++0x";
				CLANG_CXX_LIBRARY = "libc++";
				CLANG_ENABLE_MODULES = YES;
				CLANG_ENABLE_OBJC_ARC = YES;
				CLANG_WARN_BOOL_CONVERSION = YES;
				CLANG_WARN_CONSTANT_CONVERSION = YES;
				CLANG_WARN_DIRECT_OBJC_ISA_USAGE = YES_ERROR;
				CLANG_WARN_DOCUMENTATION_COMMENTS = YES;
				CLANG_WARN_EMPTY_BODY = YES;
				CLANG_WARN_ENUM_CONVERSION = YES;
				CLANG_WARN_INFINITE_RECURSION = YES;
				CLANG_WARN_INT_CONVERSION = YES;
				CLANG_WARN_OBJC_ROOT_CLASS = YES_ERROR;
				CLANG_WARN_SUSPICIOUS_MOVE = YES;
				CLANG_WARN_UNREACHABLE_CODE = YES;
				CLANG_WARN__DUPLICATE_METHOD_MATCH = YES;
				"CODE_SIGN_IDENTITY[sdk=iphoneos*]" = "iPhone Developer";
				COPY_PHASE_STRIP = NO;
				DEBUG_INFORMATION_FORMAT = "dwarf-with-dsym";
				ENABLE_NS_ASSERTIONS = NO;
				ENABLE_STRICT_OBJC_MSGSEND = YES;
				GCC_C_LANGUAGE_STANDARD = gnu99;
				GCC_NO_COMMON_BLOCKS = YES;
				GCC_WARN_64_TO_32_BIT_CONVERSION = YES;
				GCC_WARN_ABOUT_RETURN_TYPE = YES_ERROR;
				GCC_WARN_UNDECLARED_SELECTOR = YES;
				GCC_WARN_UNINITIALIZED_AUTOS = YES_AGGRESSIVE;
				GCC_WARN_UNUSED_FUNCTION = YES;
				GCC_WARN_UNUSED_VARIABLE = YES;
				IPHONEOS_DEPLOYMENT_TARGET = 10.3;
				MTL_ENABLE_DEBUG_INFO = NO;
				SDKROOT = iphoneos;
				VALIDATE_PRODUCT = YES;
			};
			name = Release;
		};
		846518631ED3DBEF00D75695 /* Debug */ = {
			isa = XCBuildConfiguration;
			buildSettings = {
				DEVELOPMENT_TEAM = U94Z3XK94T;
				OTHER_LDFLAGS = "-ObjC";
				PRODUCT_NAME = "$(TARGET_NAME)";
				SKIP_INSTALL = YES;
			};
			name = Debug;
		};
		846518641ED3DBEF00D75695 /* Release */ = {
			isa = XCBuildConfiguration;
			buildSettings = {
				DEVELOPMENT_TEAM = U94Z3XK94T;
				OTHER_LDFLAGS = "-ObjC";
				PRODUCT_NAME = "$(TARGET_NAME)";
				SKIP_INSTALL = YES;
			};
			name = Release;
		};
/* End XCBuildConfiguration section */

/* Begin XCConfigurationList section */
		846518541ED3DBEF00D75695 /* Build configuration list for PBXProject "RCTSignatureView" */ = {
			isa = XCConfigurationList;
			buildConfigurations = (
				846518601ED3DBEF00D75695 /* Debug */,
				846518611ED3DBEF00D75695 /* Release */,
			);
			defaultConfigurationIsVisible = 0;
			defaultConfigurationName = Release;
		};
		846518621ED3DBEF00D75695 /* Build configuration list for PBXNativeTarget "RCTSignatureView" */ = {
			isa = XCConfigurationList;
			buildConfigurations = (
				846518631ED3DBEF00D75695 /* Debug */,
				846518641ED3DBEF00D75695 /* Release */,
			);
			defaultConfigurationIsVisible = 0;
			defaultConfigurationName = Release;
		};
/* End XCConfigurationList section */
	};
	rootObject = 846518511ED3DBEF00D75695 /* Project object */;
}
